Microsoft Visual Studio Solution File, Format Version 12.00
# Visual Studio Version 17
VisualStudioVersion = 17.5.2.0
MinimumVisualStudioVersion = 10.0.40219.1
Project("{FAE04EC0-301F-11D3-BF4B-00C04F79EFBC}") = "AnaliseTxt", "AnaliseTxt.csproj", "{B097E4D2-C890-7F3C-6491-DCC06CB6B859}"
EndProject
Global
	GlobalSection(SolutionConfigurationPlatforms) = preSolution
		Debug|Any CPU = Debug|Any CPU
		Release|Any CPU = Release|Any CPU
	EndGlobalSection
	GlobalSection(ProjectConfigurationPlatforms) = postSolution
		{B097E4D2-C890-7F3C-6491-DCC06CB6B859}.Debug|Any CPU.ActiveCfg = Debug|Any CPU
		{B097E4D2-C890-7F3C-6491-DCC06CB6B859}.Debug|Any CPU.Build.0 = Debug|Any CPU
		{B097E4D2-C890-7F3C-6491-DCC06CB6B859}.Release|Any CPU.ActiveCfg = Release|Any CPU
		{B097E4D2-C890-7F3C-6491-DCC06CB6B859}.Release|Any CPU.Build.0 = Release|Any CPU
	EndGlobalSection
	GlobalSection(SolutionProperties) = preSolution
		HideSolutionNode = FALSE
	EndGlobalSection
	GlobalSection(ExtensibilityGlobals) = postSolution
		SolutionGuid = {C3FA12FD-D135-41FD-8511-E53562DA1711}
	EndGlobalSection
EndGlobal
